
Microsoft Visual Studio Solution File, Format Version 12.00
# Visual Studio 14
VisualStudioVersion = 14.0.25420.1
MinimumVisualStudioVersion = 10.0.40219.1
Project("{FAE04EC0-301F-11D3-BF4B-00C04F79EFBC}") = "ELS", "ELS\ELS.csproj", "{837FEEA8-05CA-4FE0-A59E-064EF5C9E25C}"
EndProject
Project("{FAE04EC0-301F-11D3-BF4B-00C04F79EFBC}") = "ELS.Sample", "ELS.Sample\ELS.Sample.csproj", "{C8ACE55A-D328-44E5-BABE-D2FEA7EBBB7F}"
EndProject
Project("{FAE04EC0-301F-11D3-BF4B-00C04F79EFBC}") = "Common", "Common\Common.csproj", "{0BDB0698-CB73-4E7B-A182-805831D3A5AC}"
EndProject
Global
	GlobalSection(SolutionConfigurationPlatforms) = preSolution
		Debug|Any CPU = Debug|Any CPU
		Release|Any CPU = Release|Any CPU
	EndGlobalSection
	GlobalSection(ProjectConfigurationPlatforms) = postSolution
		{837FEEA8-05CA-4FE0-A59E-064EF5C9E25C}.Debug|Any CPU.ActiveCfg = Debug|Any CPU
		{837FEEA8-05CA-4FE0-A59E-064EF5C9E25C}.Debug|Any CPU.Build.0 = Debug|Any CPU
		{837FEEA8-05CA-4FE0-A59E-064EF5C9E25C}.Release|Any CPU.ActiveCfg = Release|Any CPU
		{837FEEA8-05CA-4FE0-A59E-064EF5C9E25C}.Release|Any CPU.Build.0 = Release|Any CPU
		{C8ACE55A-D328-44E5-BABE-D2FEA7EBBB7F}.Debug|Any CPU.ActiveCfg = Debug|Any CPU
		{C8ACE55A-D328-44E5-BABE-D2FEA7EBBB7F}.Debug|Any CPU.Build.0 = Debug|Any CPU
		{C8ACE55A-D328-44E5-BABE-D2FEA7EBBB7F}.Release|Any CPU.ActiveCfg = Release|Any CPU
		{C8ACE55A-D328-44E5-BABE-D2FEA7EBBB7F}.Release|Any CPU.Build.0 = Release|Any CPU
		{0BDB0698-CB73-4E7B-A182-805831D3A5AC}.Debug|Any CPU.ActiveCfg = Debug|Any CPU
		{0BDB0698-CB73-4E7B-A182-805831D3A5AC}.Debug|Any CPU.Build.0 = Debug|Any CPU
		{0BDB0698-CB73-4E7B-A182-805831D3A5AC}.Release|Any CPU.ActiveCfg = Release|Any CPU
		{0BDB0698-CB73-4E7B-A182-805831D3A5AC}.Release|Any CPU.Build.0 = Release|Any CPU
	EndGlobalSection
	GlobalSection(SolutionProperties) = preSolution
		HideSolutionNode = FALSE
	EndGlobalSection
EndGlobal
